
Microsoft Visual Studio Solution File, Format Version 10.00
# Visual Studio 2008
Project("{8BC9CEB8-8B4A-11D0-8D11-00A0C91BC942}") = "__jopark.dev.webserver", "__jopark.dev.webserver.vcproj", "{58F0BBA2-A14D-4EB6-9381-8CD718F40F12}"
EndProject
Global
	GlobalSection(SolutionConfigurationPlatforms) = preSolution
		Debug|Win32 = Debug|Win32
		Release|Win32 = Release|Win32
	EndGlobalSection
	GlobalSection(ProjectConfigurationPlatforms) = postSolution
		{58F0BBA2-A14D-4EB6-9381-8CD718F40F12}.Debug|Win32.ActiveCfg = Debug|Win32
		{58F0BBA2-A14D-4EB6-9381-8CD718F40F12}.Debug|Win32.Build.0 = Debug|Win32
		{58F0BBA2-A14D-4EB6-9381-8CD718F40F12}.Release|Win32.ActiveCfg = Release|Win32
		{58F0BBA2-A14D-4EB6-9381-8CD718F40F12}.Release|Win32.Build.0 = Release|Win32
	EndGlobalSection
	GlobalSection(SolutionProperties) = preSolution
		HideSolutionNode = FALSE
	EndGlobalSection
EndGlobal
